
Microsoft Visual Studio Solution File, Format Version 12.00
# Visual Studio 16
Project("{FAE04EC0-301F-11D3-BF4B-00C04F79EFBC}") = "Assembly-CSharp", "Assembly-CSharp.csproj", "{9AC978C1-79EF-5EDC-6E4F-4D1372477BCE}"
EndProject
Project("{FAE04EC0-301F-11D3-BF4B-00C04F79EFBC}") = "Assembly-CSharp-Editor", "Assembly-CSharp-Editor.csproj", "{61A79361-79A5-113C-0008-01761BC21022}"
EndProject
Global
	GlobalSection(SolutionConfigurationPlatforms) = preSolution
		Debug|Any CPU = Debug|Any CPU
		Release|Any CPU = Release|Any CPU
	EndGlobalSection
	GlobalSection(ProjectConfigurationPlatforms) = postSolution
		{9AC978C1-79EF-5EDC-6E4F-4D1372477BCE}.Debug|Any CPU.ActiveCfg = Debug|Any CPU
		{9AC978C1-79EF-5EDC-6E4F-4D1372477BCE}.Debug|Any CPU.Build.0 = Debug|Any CPU
		{9AC978C1-79EF-5EDC-6E4F-4D1372477BCE}.Release|Any CPU.ActiveCfg = Release|Any CPU
		{9AC978C1-79EF-5EDC-6E4F-4D1372477BCE}.Release|Any CPU.Build.0 = Release|Any CPU
		{61A79361-79A5-113C-0008-01761BC21022}.Debug|Any CPU.ActiveCfg = Debug|Any CPU
		{61A79361-79A5-113C-0008-01761BC21022}.Debug|Any CPU.Build.0 = Debug|Any CPU
		{61A79361-79A5-113C-0008-01761BC21022}.Release|Any CPU.ActiveCfg = Release|Any CPU
		{61A79361-79A5-113C-0008-01761BC21022}.Release|Any CPU.Build.0 = Release|Any CPU
	EndGlobalSection
	GlobalSection(SolutionProperties) = preSolution
		HideSolutionNode = FALSE
	EndGlobalSection
EndGlobal
